// !$*UTF8*$!
{
	archiveVersion = 1;
	classes = {
	};
	objectVersion = 55;
	objects = {

/* Begin PBXBuildFile section */
		52121E5728057DF800CAE849 /* WinContentScene.sks in Resources */ = {isa = PBXBuildFile; fileRef = 52121E5528057DF800CAE849 /* WinContentScene.sks */; };
		52121E5828057DF800CAE849 /* WinContentView.swift in Sources */ = {isa = PBXBuildFile; fileRef = 52121E5628057DF800CAE849 /* WinContentView.swift */; };
		52121E5A28057E0F00CAE849 /* WinContentScene.swift in Sources */ = {isa = PBXBuildFile; fileRef = 52121E5928057E0F00CAE849 /* WinContentScene.swift */; };
		52121E5C2805901700CAE849 /* CustomButton.swift in Sources */ = {isa = PBXBuildFile; fileRef = 52121E5B2805901600CAE849 /* CustomButton.swift */; };
		52121E5E2805909800CAE849 /* TwoHorizontalButtonsView.swift in Sources */ = {isa = PBXBuildFile; fileRef = 52121E5D2805909800CAE849 /* TwoHorizontalButtonsView.swift */; };
		525931192805DEC60028838F /* TitleMenuView.swift in Sources */ = {isa = PBXBuildFile; fileRef = 525931162805DEC60028838F /* TitleMenuView.swift */; };
		5259311A2805DEC60028838F /* PauseView.swift in Sources */ = {isa = PBXBuildFile; fileRef = 525931172805DEC60028838F /* PauseView.swift */; };
		5259311B2805DEC60028838F /* SliderView.swift in Sources */ = {isa = PBXBuildFile; fileRef = 525931182805DEC60028838F /* SliderView.swift */; };
		525C42CD280848D700D434C6 /* InfoView.swift in Sources */ = {isa = PBXBuildFile; fileRef = 525C42CC280848D700D434C6 /* InfoView.swift */; };
		525C42D42808615500D434C6 /* HomeContentScene.swift in Sources */ = {isa = PBXBuildFile; fileRef = 525C42D22808615500D434C6 /* HomeContentScene.swift */; };
		525C42D52808615500D434C6 /* HomeContentScene.sks in Resources */ = {isa = PBXBuildFile; fileRef = 525C42D32808615500D434C6 /* HomeContentScene.sks */; };
		525D6F5D2806FEA2000FADC5 /* HomeView.swift in Sources */ = {isa = PBXBuildFile; fileRef = 525D6F5C2806FEA2000FADC5 /* HomeView.swift */; };
		525D6F6228072002000FADC5 /* SingleLevelsView.swift in Sources */ = {isa = PBXBuildFile; fileRef = 525D6F5F28072002000FADC5 /* SingleLevelsView.swift */; };
		525D6F6328072002000FADC5 /* LevelsView.swift in Sources */ = {isa = PBXBuildFile; fileRef = 525D6F6028072002000FADC5 /* LevelsView.swift */; };
		52BD73FB280409130080A6F9 /* adaptationApp.swift in Sources */ = {isa = PBXBuildFile; fileRef = 52BD73FA280409130080A6F9 /* adaptationApp.swift */; };
		52BD73FD280409130080A6F9 /* ContentView.swift in Sources */ = {isa = PBXBuildFile; fileRef = 52BD73FC280409130080A6F9 /* ContentView.swift */; };
		52BD73FF280409140080A6F9 /* Assets.xcassets in Resources */ = {isa = PBXBuildFile; fileRef = 52BD73FE280409140080A6F9 /* Assets.xcassets */; };
		52BD7402280409140080A6F9 /* Preview Assets.xcassets in Resources */ = {isa = PBXBuildFile; fileRef = 52BD7401280409140080A6F9 /* Preview Assets.xcassets */; };
		82AEAB14280731D300B25FE6 /* Maze_lv1.swift in Sources */ = {isa = PBXBuildFile; fileRef = 82AEAB13280731D300B25FE6 /* Maze_lv1.swift */; };
		82AEAB16280731DD00B25FE6 /* FloorCreator.swift in Sources */ = {isa = PBXBuildFile; fileRef = 82AEAB15280731DD00B25FE6 /* FloorCreator.swift */; };
		82AEAB18280731E600B25FE6 /* User.swift in Sources */ = {isa = PBXBuildFile; fileRef = 82AEAB17280731E600B25FE6 /* User.swift */; };
		82E5E50B2804641E00E823FF /* GameScene.sks in Resources */ = {isa = PBXBuildFile; fileRef = 82E5E5092804641E00E823FF /* GameScene.sks */; };
		82E5E50C2804641E00E823FF /* GameScene.swift in Sources */ = {isa = PBXBuildFile; fileRef = 82E5E50A2804641E00E823FF /* GameScene.swift */; };
		DBB948982805B86F0036C0FA /* SettingsView.swift in Sources */ = {isa = PBXBuildFile; fileRef = DBB948972805B86F0036C0FA /* SettingsView.swift */; };
/* End PBXBuildFile section */

/* Begin PBXFileReference section */
		52121E5528057DF800CAE849 /* WinContentScene.sks */ = {isa = PBXFileReference; lastKnownFileType = file.sks; path = WinContentScene.sks; sourceTree = "<group>"; };
		52121E5628057DF800CAE849 /* WinContentView.swift */ = {isa = PBXFileReference; fileEncoding = 4; lastKnownFileType = sourcecode.swift; path = WinContentView.swift; sourceTree = "<group>"; };
		52121E5928057E0F00CAE849 /* WinContentScene.swift */ = {isa = PBXFileReference; lastKnownFileType = sourcecode.swift; path = WinContentScene.swift; sourceTree = "<group>"; };
		52121E5B2805901600CAE849 /* CustomButton.swift */ = {isa = PBXFileReference; lastKnownFileType = sourcecode.swift; path = CustomButton.swift; sourceTree = "<group>"; };
		52121E5D2805909800CAE849 /* TwoHorizontalButtonsView.swift */ = {isa = PBXFileReference; lastKnownFileType = sourcecode.swift; path = TwoHorizontalButtonsView.swift; sourceTree = "<group>"; };
		525931162805DEC60028838F /* TitleMenuView.swift */ = {isa = PBXFileReference; fileEncoding = 4; lastKnownFileType = sourcecode.swift; path = TitleMenuView.swift; sourceTree = "<group>"; };
		525931172805DEC60028838F /* PauseView.swift */ = {isa = PBXFileReference; fileEncoding = 4; lastKnownFileType = sourcecode.swift; path = PauseView.swift; sourceTree = "<group>"; };
		525931182805DEC60028838F /* SliderView.swift */ = {isa = PBXFileReference; fileEncoding = 4; lastKnownFileType = sourcecode.swift; path = SliderView.swift; sourceTree = "<group>"; };
		525C42CC280848D700D434C6 /* InfoView.swift */ = {isa = PBXFileReference; lastKnownFileType = sourcecode.swift; path = InfoView.swift; sourceTree = "<group>"; };
		525C42D22808615500D434C6 /* HomeContentScene.swift */ = {isa = PBXFileReference; fileEncoding = 4; lastKnownFileType = sourcecode.swift; path = HomeContentScene.swift; sourceTree = "<group>"; };
		525C42D32808615500D434C6 /* HomeContentScene.sks */ = {isa = PBXFileReference; lastKnownFileType = file.sks; path = HomeContentScene.sks; sourceTree = "<group>"; };
		525D6F5C2806FEA2000FADC5 /* HomeView.swift */ = {isa = PBXFileReference; fileEncoding = 4; lastKnownFileType = sourcecode.swift; path = HomeView.swift; sourceTree = "<group>"; };
		525D6F5F28072002000FADC5 /* SingleLevelsView.swift */ = {isa = PBXFileReference; fileEncoding = 4; lastKnownFileType = sourcecode.swift; path = SingleLevelsView.swift; sourceTree = "<group>"; };
		525D6F6028072002000FADC5 /* LevelsView.swift */ = {isa = PBXFileReference; fileEncoding = 4; lastKnownFileType = sourcecode.swift; path = LevelsView.swift; sourceTree = "<group>"; };
		52BD73F7280409130080A6F9 /* adaptation.app */ = {isa = PBXFileReference; explicitFileType = wrapper.application; includeInIndex = 0; path = adaptation.app; sourceTree = BUILT_PRODUCTS_DIR; };
		52BD73FA280409130080A6F9 /* adaptationApp.swift */ = {isa = PBXFileReference; lastKnownFileType = sourcecode.swift; path = adaptationApp.swift; sourceTree = "<group>"; };
		52BD73FC280409130080A6F9 /* ContentView.swift */ = {isa = PBXFileReference; lastKnownFileType = sourcecode.swift; path = ContentView.swift; sourceTree = "<group>"; };
		52BD73FE280409140080A6F9 /* Assets.xcassets */ = {isa = PBXFileReference; lastKnownFileType = folder.assetcatalog; path = Assets.xcassets; sourceTree = "<group>"; };
		52BD7401280409140080A6F9 /* Preview Assets.xcassets */ = {isa = PBXFileReference; lastKnownFileType = folder.assetcatalog; path = "Preview Assets.xcassets"; sourceTree = "<group>"; };
		82AEAB13280731D300B25FE6 /* Maze_lv1.swift */ = {isa = PBXFileReference; fileEncoding = 4; lastKnownFileType = sourcecode.swift; name = Maze_lv1.swift; path = adaptation/Maze_lv1.swift; sourceTree = SOURCE_ROOT; };
		82AEAB15280731DD00B25FE6 /* FloorCreator.swift */ = {isa = PBXFileReference; fileEncoding = 4; lastKnownFileType = sourcecode.swift; path = FloorCreator.swift; sourceTree = "<group>"; };
		82AEAB17280731E600B25FE6 /* User.swift */ = {isa = PBXFileReference; fileEncoding = 4; lastKnownFileType = sourcecode.swift; path = User.swift; sourceTree = "<group>"; };
		82E5E5092804641E00E823FF /* GameScene.sks */ = {isa = PBXFileReference; lastKnownFileType = file.sks; path = GameScene.sks; sourceTree = "<group>"; };
		82E5E50A2804641E00E823FF /* GameScene.swift */ = {isa = PBXFileReference; fileEncoding = 4; lastKnownFileType = sourcecode.swift; path = GameScene.swift; sourceTree = "<group>"; };
		DBB948972805B86F0036C0FA /* SettingsView.swift */ = {isa = PBXFileReference; fileEncoding = 4; lastKnownFileType = sourcecode.swift; path = SettingsView.swift; sourceTree = "<group>"; };
/* End PBXFileReference section */

/* Begin PBXFrameworksBuildPhase section */
		52BD73F4280409130080A6F9 /* Frameworks */ = {
			isa = PBXFrameworksBuildPhase;
			buildActionMask = 2147483647;
			files = (
			);
			runOnlyForDeploymentPostprocessing = 0;
		};
/* End PBXFrameworksBuildPhase section */

/* Begin PBXGroup section */
		52BD73EE280409130080A6F9 = {
			isa = PBXGroup;
			children = (
				52BD73F9280409130080A6F9 /* adaptation */,
				52BD73F8280409130080A6F9 /* Products */,
			);
			sourceTree = "<group>";
		};
		52BD73F8280409130080A6F9 /* Products */ = {
			isa = PBXGroup;
			children = (
				52BD73F7280409130080A6F9 /* adaptation.app */,
			);
			name = Products;
			sourceTree = "<group>";
		};
		52BD73F9280409130080A6F9 /* adaptation */ = {
			isa = PBXGroup;
			children = (
				82AEAB19280731F600B25FE6 /* Maze */,
				52BD73FA280409130080A6F9 /* adaptationApp.swift */,
				52BD73FC280409130080A6F9 /* ContentView.swift */,
				525C42D32808615500D434C6 /* HomeContentScene.sks */,
				525C42D22808615500D434C6 /* HomeContentScene.swift */,
				DBB948972805B86F0036C0FA /* SettingsView.swift */,
				525931172805DEC60028838F /* PauseView.swift */,
				525D6F5C2806FEA2000FADC5 /* HomeView.swift */,
				525C42CC280848D700D434C6 /* InfoView.swift */,
				525D6F6028072002000FADC5 /* LevelsView.swift */,
				525D6F5F28072002000FADC5 /* SingleLevelsView.swift */,
				525931182805DEC60028838F /* SliderView.swift */,
				525931162805DEC60028838F /* TitleMenuView.swift */,
				52121E5628057DF800CAE849 /* WinContentView.swift */,
				52121E5D2805909800CAE849 /* TwoHorizontalButtonsView.swift */,
				52121E5B2805901600CAE849 /* CustomButton.swift */,
				52121E5928057E0F00CAE849 /* WinContentScene.swift */,
				52121E5528057DF800CAE849 /* WinContentScene.sks */,
				52BD73FE280409140080A6F9 /* Assets.xcassets */,
				52BD7400280409140080A6F9 /* Preview Content */,
			);
			path = adaptation;
			sourceTree = "<group>";
		};
		52BD7400280409140080A6F9 /* Preview Content */ = {
			isa = PBXGroup;
			children = (
				52BD7401280409140080A6F9 /* Preview Assets.xcassets */,
			);
			path = "Preview Content";
			sourceTree = "<group>";
		};
		82AEAB19280731F600B25FE6 /* Maze */ = {
			isa = PBXGroup;
			children = (
				82AEAB1B2807324A00B25FE6 /* Player */,
				82AEAB1A2807320B00B25FE6 /* Levels */,
				82E5E5092804641E00E823FF /* GameScene.sks */,
				82E5E50A2804641E00E823FF /* GameScene.swift */,
			);
			name = Maze;
			sourceTree = "<group>";
		};
		82AEAB1A2807320B00B25FE6 /* Levels */ = {
			isa = PBXGroup;
			children = (
				82AEAB15280731DD00B25FE6 /* FloorCreator.swift */,
				82AEAB13280731D300B25FE6 /* Maze_lv1.swift */,
			);
			name = Levels;
			sourceTree = "<group>";
		};
		82AEAB1B2807324A00B25FE6 /* Player */ = {
			isa = PBXGroup;
			children = (
				82AEAB17280731E600B25FE6 /* User.swift */,
			);
			name = Player;
			sourceTree = "<group>";
		};
/* End PBXGroup section */

/* Begin PBXNativeTarget section */
		52BD73F6280409130080A6F9 /* adaptation */ = {
			isa = PBXNativeTarget;
			buildConfigurationList = 52BD7405280409140080A6F9 /* Build configuration list for PBXNativeTarget "adaptation" */;
			buildPhases = (
				52BD73F3280409130080A6F9 /* Sources */,
				52BD73F4280409130080A6F9 /* Frameworks */,
				52BD73F5280409130080A6F9 /* Resources */,
			);
			buildRules = (
			);
			dependencies = (
			);
			name = adaptation;
			productName = adaptation;
			productReference = 52BD73F7280409130080A6F9 /* adaptation.app */;
			productType = "com.apple.product-type.application";
		};
/* End PBXNativeTarget section */

/* Begin PBXProject section */
		52BD73EF280409130080A6F9 /* Project object */ = {
			isa = PBXProject;
			attributes = {
				BuildIndependentTargetsInParallel = 1;
				LastSwiftUpdateCheck = 1330;
				LastUpgradeCheck = 1330;
				TargetAttributes = {
					52BD73F6280409130080A6F9 = {
						CreatedOnToolsVersion = 13.3;
					};
				};
			};
			buildConfigurationList = 52BD73F2280409130080A6F9 /* Build configuration list for PBXProject "adaptation" */;
			compatibilityVersion = "Xcode 13.0";
			developmentRegion = en;
			hasScannedForEncodings = 0;
			knownRegions = (
				en,
				Base,
			);
			mainGroup = 52BD73EE280409130080A6F9;
			productRefGroup = 52BD73F8280409130080A6F9 /* Products */;
			projectDirPath = "";
			projectRoot = "";
			targets = (
				52BD73F6280409130080A6F9 /* adaptation */,
			);
		};
/* End PBXProject section */

/* Begin PBXResourcesBuildPhase section */
		52BD73F5280409130080A6F9 /* Resources */ = {
			isa = PBXResourcesBuildPhase;
			buildActionMask = 2147483647;
			files = (
				52BD7402280409140080A6F9 /* Preview Assets.xcassets in Resources */,
				52121E5728057DF800CAE849 /* WinContentScene.sks in Resources */,
				525C42D52808615500D434C6 /* HomeContentScene.sks in Resources */,
				82E5E50B2804641E00E823FF /* GameScene.sks in Resources */,
				52BD73FF280409140080A6F9 /* Assets.xcassets in Resources */,
			);
			runOnlyForDeploymentPostprocessing = 0;
		};
/* End PBXResourcesBuildPhase section */

/* Begin PBXSourcesBuildPhase section */
		52BD73F3280409130080A6F9 /* Sources */ = {
			isa = PBXSourcesBuildPhase;
			buildActionMask = 2147483647;
			files = (
				82E5E50C2804641E00E823FF /* GameScene.swift in Sources */,
				525C42D42808615500D434C6 /* HomeContentScene.swift in Sources */,
				525D6F6328072002000FADC5 /* LevelsView.swift in Sources */,
				82AEAB14280731D300B25FE6 /* Maze_lv1.swift in Sources */,
				525D6F5D2806FEA2000FADC5 /* HomeView.swift in Sources */,
				52121E5828057DF800CAE849 /* WinContentView.swift in Sources */,
				DBB948982805B86F0036C0FA /* SettingsView.swift in Sources */,
				52BD73FD280409130080A6F9 /* ContentView.swift in Sources */,
				82AEAB18280731E600B25FE6 /* User.swift in Sources */,
				525D6F6228072002000FADC5 /* SingleLevelsView.swift in Sources */,
				52121E5C2805901700CAE849 /* CustomButton.swift in Sources */,
				525931192805DEC60028838F /* TitleMenuView.swift in Sources */,
				52BD73FB280409130080A6F9 /* adaptationApp.swift in Sources */,
				52121E5A28057E0F00CAE849 /* WinContentScene.swift in Sources */,
				5259311B2805DEC60028838F /* SliderView.swift in Sources */,
				5259311A2805DEC60028838F /* PauseView.swift in Sources */,
				52121E5E2805909800CAE849 /* TwoHorizontalButtonsView.swift in Sources */,
				525C42CD280848D700D434C6 /* InfoView.swift in Sources */,
				82AEAB16280731DD00B25FE6 /* FloorCreator.swift in Sources */,
			);
			runOnlyForDeploymentPostprocessing = 0;
		};
/* End PBXSourcesBuildPhase section */

/* Begin XCBuildConfiguration section */
		52BD7403280409140080A6F9 /* Debug */ = {
			isa = XCBuildConfiguration;
			buildSettings = {
				ALWAYS_SEARCH_USER_PATHS = NO;
				CLANG_ANALYZER_NONNULL = YES;
				CLANG_ANALYZER_NUMBER_OBJECT_CONVERSION = YES_AGGRESSIVE;
				CLANG_CXX_LANGUAGE_STANDARD = "gnu++17";
				CLANG_ENABLE_MODULES = YES;
				CLANG_ENABLE_OBJC_ARC = YES;
				CLANG_ENABLE_OBJC_WEAK = YES;
				CLANG_WARN_BLOCK_CAPTURE_AUTORELEASING = YES;
				CLANG_WARN_BOOL_CONVERSION = YES;
				CLANG_WARN_COMMA = YES;
				CLANG_WARN_CONSTANT_CONVERSION = YES;
				CLANG_WARN_DEPRECATED_OBJC_IMPLEMENTATIONS = YES;
				CLANG_WARN_DIRECT_OBJC_ISA_USAGE = YES_ERROR;
				CLANG_WARN_DOCUMENTATION_COMMENTS = YES;
				CLANG_WARN_EMPTY_BODY = YES;
				CLANG_WARN_ENUM_CONVERSION = YES;
				CLANG_WARN_INFINITE_RECURSION = YES;
				CLANG_WARN_INT_CONVERSION = YES;
				CLANG_WARN_NON_LITERAL_NULL_CONVERSION = YES;
				CLANG_WARN_OBJC_IMPLICIT_RETAIN_SELF = YES;
				CLANG_WARN_OBJC_LITERAL_CONVERSION = YES;
				CLANG_WARN_OBJC_ROOT_CLASS = YES_ERROR;
				CLANG_WARN_QUOTED_INCLUDE_IN_FRAMEWORK_HEADER = YES;
				CLANG_WARN_RANGE_LOOP_ANALYSIS = YES;
				CLANG_WARN_STRICT_PROTOTYPES = YES;
				CLANG_WARN_SUSPICIOUS_MOVE = YES;
				CLANG_WARN_UNGUARDED_AVAILABILITY = YES_AGGRESSIVE;
				CLANG_WARN_UNREACHABLE_CODE = YES;
				CLANG_WARN__DUPLICATE_METHOD_MATCH = YES;
				COPY_PHASE_STRIP = NO;
				DEBUG_INFORMATION_FORMAT = dwarf;
				ENABLE_STRICT_OBJC_MSGSEND = YES;
				ENABLE_TESTABILITY = YES;
				GCC_C_LANGUAGE_STANDARD = gnu11;
				GCC_DYNAMIC_NO_PIC = NO;
				GCC_NO_COMMON_BLOCKS = YES;
				GCC_OPTIMIZATION_LEVEL = 0;
				GCC_PREPROCESSOR_DEFINITIONS = (
					"DEBUG=1",
					"$(inherited)",
				);
				GCC_WARN_64_TO_32_BIT_CONVERSION = YES;
				GCC_WARN_ABOUT_RETURN_TYPE = YES_ERROR;
				GCC_WARN_UNDECLARED_SELECTOR = YES;
				GCC_WARN_UNINITIALIZED_AUTOS = YES_AGGRESSIVE;
				GCC_WARN_UNUSED_FUNCTION = YES;
				GCC_WARN_UNUSED_VARIABLE = YES;
				IPHONEOS_DEPLOYMENT_TARGET = 15.4;
				MTL_ENABLE_DEBUG_INFO = INCLUDE_SOURCE;
				MTL_FAST_MATH = YES;
				ONLY_ACTIVE_ARCH = YES;
				SDKROOT = iphoneos;
				SWIFT_ACTIVE_COMPILATION_CONDITIONS = DEBUG;
				SWIFT_OPTIMIZATION_LEVEL = "-Onone";
			};
			name = Debug;
		};
		52BD7404280409140080A6F9 /* Release */ = {
			isa = XCBuildConfiguration;
			buildSettings = {
				ALWAYS_SEARCH_USER_PATHS = NO;
				CLANG_ANALYZER_NONNULL = YES;
				CLANG_ANALYZER_NUMBER_OBJECT_CONVERSION = YES_AGGRESSIVE;
				CLANG_CXX_LANGUAGE_STANDARD = "gnu++17";
				CLANG_ENABLE_MODULES = YES;
				CLANG_ENABLE_OBJC_ARC = YES;
				CLANG_ENABLE_OBJC_WEAK = YES;
				CLANG_WARN_BLOCK_CAPTURE_AUTORELEASING = YES;
				CLANG_WARN_BOOL_CONVERSION = YES;
				CLANG_WARN_COMMA = YES;
				CLANG_WARN_CONSTANT_CONVERSION = YES;
				CLANG_WARN_DEPRECATED_OBJC_IMPLEMENTATIONS = YES;
				CLANG_WARN_DIRECT_OBJC_ISA_USAGE = YES_ERROR;
				CLANG_WARN_DOCUMENTATION_COMMENTS = YES;
				CLANG_WARN_EMPTY_BODY = YES;
				CLANG_WARN_ENUM_CONVERSION = YES;
				CLANG_WARN_INFINITE_RECURSION = YES;
				CLANG_WARN_INT_CONVERSION = YES;
				CLANG_WARN_NON_LITERAL_NULL_CONVERSION = YES;
				CLANG_WARN_OBJC_IMPLICIT_RETAIN_SELF = YES;
				CLANG_WARN_OBJC_LITERAL_CONVERSION = YES;
				CLANG_WARN_OBJC_ROOT_CLASS = YES_ERROR;
				CLANG_WARN_QUOTED_INCLUDE_IN_FRAMEWORK_HEADER = YES;
				CLANG_WARN_RANGE_LOOP_ANALYSIS = YES;
				CLANG_WARN_STRICT_PROTOTYPES = YES;
				CLANG_WARN_SUSPICIOUS_MOVE = YES;
				CLANG_WARN_UNGUARDED_AVAILABILITY = YES_AGGRESSIVE;
				CLANG_WARN_UNREACHABLE_CODE = YES;
				CLANG_WARN__DUPLICATE_METHOD_MATCH = YES;
				COPY_PHASE_STRIP = NO;
				DEBUG_INFORMATION_FORMAT = "dwarf-with-dsym";
				ENABLE_NS_ASSERTIONS = NO;
				ENABLE_STRICT_OBJC_MSGSEND = YES;
				GCC_C_LANGUAGE_STANDARD = gnu11;
				GCC_NO_COMMON_BLOCKS = YES;
				GCC_WARN_64_TO_32_BIT_CONVERSION = YES;
				GCC_WARN_ABOUT_RETURN_TYPE = YES_ERROR;
				GCC_WARN_UNDECLARED_SELECTOR = YES;
				GCC_WARN_UNINITIALIZED_AUTOS = YES_AGGRESSIVE;
				GCC_WARN_UNUSED_FUNCTION = YES;
				GCC_WARN_UNUSED_VARIABLE = YES;
				IPHONEOS_DEPLOYMENT_TARGET = 15.4;
				MTL_ENABLE_DEBUG_INFO = NO;
				MTL_FAST_MATH = YES;
				SDKROOT = iphoneos;
				SWIFT_COMPILATION_MODE = wholemodule;
				SWIFT_OPTIMIZATION_LEVEL = "-O";
				VALIDATE_PRODUCT = YES;
			};
			name = Release;
		};
		52BD7406280409140080A6F9 /* Debug */ = {
			isa = XCBuildConfiguration;
			buildSettings = {
				ASSETCATALOG_COMPILER_APPICON_NAME = AppIcon;
				ASSETCATALOG_COMPILER_GLOBAL_ACCENT_COLOR_NAME = AccentColor;
				CODE_SIGN_STYLE = Automatic;
				CURRENT_PROJECT_VERSION = 1;
				DEVELOPMENT_ASSET_PATHS = "\"adaptation/Preview Content\"";
				DEVELOPMENT_TEAM = 55G4G6ZG7W;
				ENABLE_PREVIEWS = YES;
				GENERATE_INFOPLIST_FILE = YES;
				INFOPLIST_KEY_UIApplicationSceneManifest_Generation = YES;
				INFOPLIST_KEY_UIApplicationSupportsIndirectInputEvents = YES;
				INFOPLIST_KEY_UILaunchScreen_Generation = YES;
				INFOPLIST_KEY_UISupportedInterfaceOrientations_iPad = "UIInterfaceOrientationPortrait UIInterfaceOrientationPortraitUpsideDown UIInterfaceOrientationLandscapeLeft UIInterfaceOrientationLandscapeRight";
				INFOPLIST_KEY_UISupportedInterfaceOrientations_iPhone = "UIInterfaceOrientationPortrait UIInterfaceOrientationLandscapeLeft UIInterfaceOrientationLandscapeRight";
				LD_RUNPATH_SEARCH_PATHS = (
					"$(inherited)",
					"@executable_path/Frameworks",
				);
				MARKETING_VERSION = 1.0;
				PRODUCT_BUNDLE_IDENTIFIER = com.parthenope.adaptationdenny;
				PRODUCT_NAME = "$(TARGET_NAME)";
				SWIFT_EMIT_LOC_STRINGS = YES;
				SWIFT_VERSION = 5.0;
				TARGETED_DEVICE_FAMILY = "1,2";
			};
			name = Debug;
		};
		52BD7407280409140080A6F9 /* Release */ = {
			isa = XCBuildConfiguration;
			buildSettings = {
				ASSETCATALOG_COMPILER_APPICON_NAME = AppIcon;
				ASSETCATALOG_COMPILER_GLOBAL_ACCENT_COLOR_NAME = AccentColor;
				CODE_SIGN_STYLE = Automatic;
				CURRENT_PROJECT_VERSION = 1;
				DEVELOPMENT_ASSET_PATHS = "\"adaptation/Preview Content\"";
				DEVELOPMENT_TEAM = 55G4G6ZG7W;
				ENABLE_PREVIEWS = YES;
				GENERATE_INFOPLIST_FILE = YES;
				INFOPLIST_KEY_UIApplicationSceneManifest_Generation = YES;
				INFOPLIST_KEY_UIApplicationSupportsIndirectInputEvents = YES;
				INFOPLIST_KEY_UILaunchScreen_Generation = YES;
				INFOPLIST_KEY_UISupportedInterfaceOrientations_iPad = "UIInterfaceOrientationPortrait UIInterfaceOrientationPortraitUpsideDown UIInterfaceOrientationLandscapeLeft UIInterfaceOrientationLandscapeRight";
				INFOPLIST_KEY_UISupportedInterfaceOrientations_iPhone = "UIInterfaceOrientationPortrait UIInterfaceOrientationLandscapeLeft UIInterfaceOrientationLandscapeRight";
				LD_RUNPATH_SEARCH_PATHS = (
					"$(inherited)",
					"@executable_path/Frameworks",
				);
				MARKETING_VERSION = 1.0;
				PRODUCT_BUNDLE_IDENTIFIER = com.parthenope.adaptationdenny;
				PRODUCT_NAME = "$(TARGET_NAME)";
				SWIFT_EMIT_LOC_STRINGS = YES;
				SWIFT_VERSION = 5.0;
				TARGETED_DEVICE_FAMILY = "1,2";
			};
			name = Release;
		};
/* End XCBuildConfiguration section */

/* Begin XCConfigurationList section */
		52BD73F2280409130080A6F9 /* Build configuration list for PBXProject "adaptation" */ = {
			isa = XCConfigurationList;
			buildConfigurations = (
				52BD7403280409140080A6F9 /* Debug */,
				52BD7404280409140080A6F9 /* Release */,
			);
			defaultConfigurationIsVisible = 0;
			defaultConfigurationName = Release;
		};
		52BD7405280409140080A6F9 /* Build configuration list for PBXNativeTarget "adaptation" */ = {
			isa = XCConfigurationList;
			buildConfigurations = (
				52BD7406280409140080A6F9 /* Debug */,
				52BD7407280409140080A6F9 /* Release */,
			);
			defaultConfigurationIsVisible = 0;
			defaultConfigurationName = Release;
		};
/* End XCConfigurationList section */
	};
	rootObject = 52BD73EF280409130080A6F9 /* Project object */;
}
